
Microsoft Visual Studio Solution File, Format Version 12.00
# Visual Studio Version 17
VisualStudioVersion = 17.0.31903.59
MinimumVisualStudioVersion = 10.0.40219.1
Project("{2150E333-8FDC-42A3-9474-1A3956D46DE8}") = "Presentation_Copilot", "Presentation_Copilot", "{D7E0A66C-877B-4A9A-8E33-57627C2926B3}"
EndProject
Project("{FAE04EC0-301F-11D3-BF4B-00C04F79EFBC}") = "Parkhaus", "Presentation_Copilot\Parkhaus\Parkhaus.csproj", "{000279B6-7A3C-4EB6-80E4-AE95119E95B0}"
EndProject
Global
	GlobalSection(SolutionConfigurationPlatforms) = preSolution
		Debug|Any CPU = Debug|Any CPU
		Release|Any CPU = Release|Any CPU
	EndGlobalSection
	GlobalSection(ProjectConfigurationPlatforms) = postSolution
		{000279B6-7A3C-4EB6-80E4-AE95119E95B0}.Debug|Any CPU.ActiveCfg = Debug|Any CPU
		{000279B6-7A3C-4EB6-80E4-AE95119E95B0}.Debug|Any CPU.Build.0 = Debug|Any CPU
		{000279B6-7A3C-4EB6-80E4-AE95119E95B0}.Release|Any CPU.ActiveCfg = Release|Any CPU
		{000279B6-7A3C-4EB6-80E4-AE95119E95B0}.Release|Any CPU.Build.0 = Release|Any CPU
	EndGlobalSection
	GlobalSection(SolutionProperties) = preSolution
		HideSolutionNode = FALSE
	EndGlobalSection
	GlobalSection(NestedProjects) = preSolution
		{000279B6-7A3C-4EB6-80E4-AE95119E95B0} = {D7E0A66C-877B-4A9A-8E33-57627C2926B3}
	EndGlobalSection
EndGlobal
